<?xml version="1.0" encoding="UTF-8"?>
<Scheme
   LastUpgradeVersion = "1600"
   version = "2.2">
   <BuildAction
      parallelizeBuildables = "YES"
      buildImplicitDependencies = "YES"
      buildArchitectures = "Automatic">
      <PreActions>
         <ExecutionAction
            ActionType = "Xcode.IDEStandardExecutionActionsCore.ExecutionActionType.ShellScriptAction">
            <ActionContent
               title = "Run Script"
               scriptText = "cd &quot;$SRCROOT/..&quot;&#10;TV_SRC=&quot;ios-framework/build/xcode-frameworks/$CONFIGURATION/$SDK_NAME&quot;&#10;I18N_SRC=&quot;i18n/generator/build/xcode-frameworks/$CONFIGURATION/$SDK_NAME&quot;&#10;if [ &quot;$TVMANIAC_SKIP_FRAMEWORK_BUILD&quot; = &quot;1&quot; ] &amp;&amp; [ -d &quot;$TV_SRC/TvManiac.framework&quot; ]; then&#10;  echo &quot;note: using prebuilt KMP framework from cache&quot;&#10;  mkdir -p &quot;$BUILT_PRODUCTS_DIR&quot;&#10;  ditto &quot;$TV_SRC/TvManiac.framework&quot; &quot;$BUILT_PRODUCTS_DIR/TvManiac.framework&quot;&#10;  ditto &quot;$I18N_SRC/i18n.framework&quot; &quot;$BUILT_PRODUCTS_DIR/i18n.framework&quot;&#10;else&#10;  ./gradlew :ios-framework:embedAndSignAppleFrameworkForXcode :i18n:generator:embedAndSignAppleFrameworkForXcode -Papp.enableIos=true&#10;fi&#10;">
               <EnvironmentBuildable>
                  <BuildableReference
                     BuildableIdentifier = "primary"
                     BlueprintIdentifier = "7555FF7A242A565900829871"
                     BuildableName = "tv-maniac.app"
                     BlueprintName = "tv-maniac"
                     ReferencedContainer = "container:tv-maniac.xcodeproj">
                  </BuildableReference>
               </EnvironmentBuildable>
            </ActionContent>
         </ExecutionAction>
      </PreActions>
      <BuildActionEntries>
         <BuildActionEntry
            buildForTesting = "YES"
            buildForRunning = "YES"
            buildForProfiling = "YES"
            buildForArchiving = "YES"
            buildForAnalyzing = "YES">
            <BuildableReference
               BuildableIdentifier = "primary"
               BlueprintIdentifier = "Components"
               BuildableName = "Components"
               BlueprintName = "Components"
               ReferencedContainer = "container:Packages/Components">
            </BuildableReference>
         </BuildActionEntry>
         <BuildActionEntry
            buildForTesting = "YES"
            buildForRunning = "YES"
            buildForProfiling = "NO"
            buildForArchiving = "NO"
            buildForAnalyzing = "NO">
            <AutocreatedTestPlanReference>
            </AutocreatedTestPlanReference>
         </BuildActionEntry>
      </BuildActionEntries>
   </BuildAction>
   <TestAction
      buildConfiguration = "Debug"
      selectedDebuggerIdentifier = "Xcode.DebuggerFoundation.Debugger.LLDB"
      selectedLauncherIdentifier = "Xcode.DebuggerFoundation.Launcher.LLDB"
      shouldUseLaunchSchemeArgsEnv = "YES"
      shouldAutocreateTestPlan = "YES">
      <Testables>
         <TestableReference
            skipped = "NO">
            <BuildableReference
               BuildableIdentifier = "primary"
               BlueprintIdentifier = "ComponentsTests"
               BuildableName = "ComponentsTests"
               BlueprintName = "ComponentsTests"
               ReferencedContainer = "container:Packages/Components">
            </BuildableReference>
         </TestableReference>
         <TestableReference
            skipped = "NO">
            <BuildableReference
               BuildableIdentifier = "primary"
               BlueprintIdentifier = "UpNextTests"
               BuildableName = "UpNextTests"
               BlueprintName = "UpNextTests"
               ReferencedContainer = "container:Packages/UpNext">
            </BuildableReference>
         </TestableReference>
         <TestableReference
            skipped = "NO">
            <BuildableReference
               BuildableIdentifier = "primary"
               BlueprintIdentifier = "CalendarTests"
               BuildableName = "CalendarTests"
               BlueprintName = "CalendarTests"
               ReferencedContainer = "container:Packages/Calendar">
            </BuildableReference>
         </TestableReference>
         <TestableReference
            skipped = "NO">
            <BuildableReference
               BuildableIdentifier = "primary"
               BlueprintIdentifier = "MyShowsTests"
               BuildableName = "MyShowsTests"
               BlueprintName = "MyShowsTests"
               ReferencedContainer = "container:Packages/MyShows">
            </BuildableReference>
         </TestableReference>
         <TestableReference
            skipped = "NO">
            <BuildableReference
               BuildableIdentifier = "primary"
               BlueprintIdentifier = "SearchTests"
               BuildableName = "SearchTests"
               BlueprintName = "SearchTests"
               ReferencedContainer = "container:Packages/Search">
            </BuildableReference>
         </TestableReference>
         <TestableReference
            skipped = "NO">
            <BuildableReference
               BuildableIdentifier = "primary"
               BlueprintIdentifier = "LibraryTests"
               BuildableName = "LibraryTests"
               BlueprintName = "LibraryTests"
               ReferencedContainer = "container:Packages/Library">
            </BuildableReference>
         </TestableReference>
         <TestableReference
            skipped = "NO">
            <BuildableReference
               BuildableIdentifier = "primary"
               BlueprintIdentifier = "ProgressTests"
               BuildableName = "ProgressTests"
               BlueprintName = "ProgressTests"
               ReferencedContainer = "container:Packages/Progress">
            </BuildableReference>
         </TestableReference>
         <TestableReference
            skipped = "NO">
            <BuildableReference
               BuildableIdentifier = "primary"
               BlueprintIdentifier = "DiscoverTests"
               BuildableName = "DiscoverTests"
               BlueprintName = "DiscoverTests"
               ReferencedContainer = "container:Packages/Discover">
            </BuildableReference>
         </TestableReference>
         <TestableReference
            skipped = "NO">
            <BuildableReference
               BuildableIdentifier = "primary"
               BlueprintIdentifier = "ProfileTests"
               BuildableName = "ProfileTests"
               BlueprintName = "ProfileTests"
               ReferencedContainer = "container:Packages/Profile">
            </BuildableReference>
         </TestableReference>
         <TestableReference
            skipped = "NO">
            <BuildableReference
               BuildableIdentifier = "primary"
               BlueprintIdentifier = "ShowDetailsTests"
               BuildableName = "ShowDetailsTests"
               BlueprintName = "ShowDetailsTests"
               ReferencedContainer = "container:Packages/ShowDetails">
            </BuildableReference>
         </TestableReference>
         <TestableReference
            skipped = "NO">
            <BuildableReference
               BuildableIdentifier = "primary"
               BlueprintIdentifier = "SettingsTests"
               BuildableName = "SettingsTests"
               BlueprintName = "SettingsTests"
               ReferencedContainer = "container:Packages/Settings">
            </BuildableReference>
         </TestableReference>
         <TestableReference
            skipped = "NO">
            <BuildableReference
               BuildableIdentifier = "primary"
               BlueprintIdentifier = "DebugTests"
               BuildableName = "DebugTests"
               BlueprintName = "DebugTests"
               ReferencedContainer = "container:Packages/Debug">
            </BuildableReference>
         </TestableReference>
         <TestableReference
            skipped = "NO">
            <BuildableReference
               BuildableIdentifier = "primary"
               BlueprintIdentifier = "FeatureFlagsTests"
               BuildableName = "FeatureFlagsTests"
               BlueprintName = "FeatureFlagsTests"
               ReferencedContainer = "container:Packages/FeatureFlags">
            </BuildableReference>
         </TestableReference>
         <TestableReference
            skipped = "NO">
            <BuildableReference
               BuildableIdentifier = "primary"
               BlueprintIdentifier = "MoreShowsTests"
               BuildableName = "MoreShowsTests"
               BlueprintName = "MoreShowsTests"
               ReferencedContainer = "container:Packages/MoreShows">
            </BuildableReference>
         </TestableReference>
         <TestableReference
            skipped = "NO">
            <BuildableReference
               BuildableIdentifier = "primary"
               BlueprintIdentifier = "SeasonDetailsTests"
               BuildableName = "SeasonDetailsTests"
               BlueprintName = "SeasonDetailsTests"
               ReferencedContainer = "container:Packages/SeasonDetails">
            </BuildableReference>
         </TestableReference>
      </Testables>
   </TestAction>
   <LaunchAction
      buildConfiguration = "Debug"
      selectedDebuggerIdentifier = "Xcode.DebuggerFoundation.Debugger.LLDB"
      selectedLauncherIdentifier = "Xcode.DebuggerFoundation.Launcher.LLDB"
      launchStyle = "0"
      useCustomWorkingDirectory = "NO"
      ignoresPersistentStateOnLaunch = "NO"
      debugDocumentVersioning = "YES"
      debugServiceExtension = "internal"
      allowLocationSimulation = "YES">
   </LaunchAction>
   <ProfileAction
      buildConfiguration = "Release"
      shouldUseLaunchSchemeArgsEnv = "YES"
      savedToolIdentifier = ""
      useCustomWorkingDirectory = "NO"
      debugDocumentVersioning = "YES">
   </ProfileAction>
   <AnalyzeAction
      buildConfiguration = "Debug">
   </AnalyzeAction>
   <ArchiveAction
      buildConfiguration = "Release"
      revealArchiveInOrganizer = "YES">
   </ArchiveAction>
</Scheme>
