{
  "object": {
    "pins": [
      {
        "package": "TvManiac",
        "repositoryURL": "https://github.com/c0de-wizard/tvmaniac-swift-packages",
        "state": {
          "branch": "main",
          "revision": "84066f1e7c25d39a0b20d3836affa81f958beb7a",
          "version": null
        }
      }
    ]
  },
  "version": 1
}
