// !$*UTF8*$!
{
	archiveVersion = 1;
	classes = {
	};
	objectVersion = 54;
	objects = {

/* Begin PBXBuildFile section */
		2152FB042600AC8F00CF470E /* iOSApp.swift in Sources */ = {isa = PBXBuildFile; fileRef = 2152FB032600AC8F00CF470E /* iOSApp.swift */; };
		D614675C2B3474920071647C /* CollapsibleView.swift in Sources */ = {isa = PBXBuildFile; fileRef = D614675B2B3474920071647C /* CollapsibleView.swift */; };
		D614675E2B3475F90071647C /* HorizontalAlignment.swift in Sources */ = {isa = PBXBuildFile; fileRef = D614675D2B3475F90071647C /* HorizontalAlignment.swift */; };
		D61467602B3490120071647C /* VerticalEpisodeListView.swift in Sources */ = {isa = PBXBuildFile; fileRef = D614675F2B3490120071647C /* VerticalEpisodeListView.swift */; };
		D61467622B3493B60071647C /* EpisodeItemView.swift in Sources */ = {isa = PBXBuildFile; fileRef = D61467612B3493B60071647C /* EpisodeItemView.swift */; };
		D61A65562B32E8B900112590 /* ChipView.swift in Sources */ = {isa = PBXBuildFile; fileRef = D61A65552B32E8B900112590 /* ChipView.swift */; };
		D61A65592B32EE5000112590 /* YouTubePlayerKit in Frameworks */ = {isa = PBXBuildFile; productRef = D61A65582B32EE5000112590 /* YouTubePlayerKit */; };
		D61A655B2B32F0A500112590 /* TrailerItemView.swift in Sources */ = {isa = PBXBuildFile; fileRef = D61A655A2B32F0A500112590 /* TrailerItemView.swift */; };
		D61A655D2B32F71600112590 /* TrailerListView.swift in Sources */ = {isa = PBXBuildFile; fileRef = D61A655C2B32F71600112590 /* TrailerListView.swift */; };
		D61A65612B330CA500112590 /* CastCardView.swift in Sources */ = {isa = PBXBuildFile; fileRef = D61A65602B330CA500112590 /* CastCardView.swift */; };
		D61A65632B330CC100112590 /* CastListView.swift in Sources */ = {isa = PBXBuildFile; fileRef = D61A65622B330CC100112590 /* CastListView.swift */; };
		D628B5C02A0C167E00015E45 /* config.yaml in Resources */ = {isa = PBXBuildFile; fileRef = D628B5BF2A0C167E00015E45 /* config.yaml */; };
		D628B5C42A0C171300015E45 /* dev.yaml in Resources */ = {isa = PBXBuildFile; fileRef = D628B5C32A0C171300015E45 /* dev.yaml */; };
		D62F1BC62B34442D004650E3 /* SeasonDetailsView.swift in Sources */ = {isa = PBXBuildFile; fileRef = D62F1BC52B34442D004650E3 /* SeasonDetailsView.swift */; };
		D62F1BC82B344941004650E3 /* TransparentImageBackground.swift in Sources */ = {isa = PBXBuildFile; fileRef = D62F1BC72B344941004650E3 /* TransparentImageBackground.swift */; };
		D62F1BCB2B346336004650E3 /* RoundedProgressIndicatorStyle.swift in Sources */ = {isa = PBXBuildFile; fileRef = D62F1BCA2B346336004650E3 /* RoundedProgressIndicatorStyle.swift */; };
		D62F1BCD2B34697F004650E3 /* TopBar.swift in Sources */ = {isa = PBXBuildFile; fileRef = D62F1BCC2B34697F004650E3 /* TopBar.swift */; };
		D62FD78C2B583BF8004E2F3D /* KMPNativeCoroutinesAsync in Frameworks */ = {isa = PBXBuildFile; productRef = D62FD78B2B583BF8004E2F3D /* KMPNativeCoroutinesAsync */; };
		D62FD78E2B583BF8004E2F3D /* KMPNativeCoroutinesCombine in Frameworks */ = {isa = PBXBuildFile; productRef = D62FD78D2B583BF8004E2F3D /* KMPNativeCoroutinesCombine */; };
		D636CE4A2B447C9C003F7876 /* TitleMoreView.swift in Sources */ = {isa = PBXBuildFile; fileRef = D636CE492B447C9C003F7876 /* TitleMoreView.swift */; };
		D636CE4D2B4487B1003F7876 /* MoreShowsView.swift in Sources */ = {isa = PBXBuildFile; fileRef = D636CE4C2B4487B1003F7876 /* MoreShowsView.swift */; };
		D64279562A6080A900E65755 /* ToastStyle.swift in Sources */ = {isa = PBXBuildFile; fileRef = D64279552A6080A900E65755 /* ToastStyle.swift */; };
		D64279582A6080D400E65755 /* Toast.swift in Sources */ = {isa = PBXBuildFile; fileRef = D64279572A6080D400E65755 /* Toast.swift */; };
		D642795A2A6080F400E65755 /* ToastView.swift in Sources */ = {isa = PBXBuildFile; fileRef = D64279592A6080F400E65755 /* ToastView.swift */; };
		D642795C2A60814000E65755 /* ToastModifier.swift in Sources */ = {isa = PBXBuildFile; fileRef = D642795B2A60814000E65755 /* ToastModifier.swift */; };
		D653924829D8B6A6000EE673 /* OAuthSwift in Frameworks */ = {isa = PBXBuildFile; productRef = D653924729D8B6A6000EE673 /* OAuthSwift */; };
		D653924D29D8B70E000EE673 /* TraktManagerError.swift in Sources */ = {isa = PBXBuildFile; fileRef = D653924C29D8B70E000EE673 /* TraktManagerError.swift */; };
		D653924F29D8BC7E000EE673 /* TraktAuthViewModel.swift in Sources */ = {isa = PBXBuildFile; fileRef = D653924E29D8BC7E000EE673 /* TraktAuthViewModel.swift */; };
		D653925329DABCEA000EE673 /* ConfigLoader.swift in Sources */ = {isa = PBXBuildFile; fileRef = D653925229DABCEA000EE673 /* ConfigLoader.swift */; };
		D653925529DABD04000EE673 /* Config.swift in Sources */ = {isa = PBXBuildFile; fileRef = D653925429DABD04000EE673 /* Config.swift */; };
		D653925729DABD8F000EE673 /* ApplicationError.swift in Sources */ = {isa = PBXBuildFile; fileRef = D653925629DABD8F000EE673 /* ApplicationError.swift */; };
		D653925B29DAC6A5000EE673 /* UnauthenticatedProfileView.swift in Sources */ = {isa = PBXBuildFile; fileRef = D653925A29DAC6A5000EE673 /* UnauthenticatedProfileView.swift */; };
		D653925D29DAC89D000EE673 /* ProfileView.swift in Sources */ = {isa = PBXBuildFile; fileRef = D653925C29DAC89D000EE673 /* ProfileView.swift */; };
		D653926029DAC949000EE673 /* AuthenticatedProfileView.swift in Sources */ = {isa = PBXBuildFile; fileRef = D653925F29DAC949000EE673 /* AuthenticatedProfileView.swift */; };
		D653926B29DAD8FA000EE673 /* config.json in Resources */ = {isa = PBXBuildFile; fileRef = D653926A29DAD8FA000EE673 /* config.json */; };
		D65569D92B31B453005F9F37 /* HorizontalItemContentListView.swift in Sources */ = {isa = PBXBuildFile; fileRef = D65569D82B31B453005F9F37 /* HorizontalItemContentListView.swift */; };
		D65569DB2B31B481005F9F37 /* PosterItemView.swift in Sources */ = {isa = PBXBuildFile; fileRef = D65569DA2B31B481005F9F37 /* PosterItemView.swift */; };
		D65569DD2B31B54A005F9F37 /* SDWebImageSwiftUI in Frameworks */ = {isa = PBXBuildFile; productRef = D65569DC2B31B54A005F9F37 /* SDWebImageSwiftUI */; };
		D65569DF2B31B6C1005F9F37 /* PosterPlaceholder.swift in Sources */ = {isa = PBXBuildFile; fileRef = D65569DE2B31B6C1005F9F37 /* PosterPlaceholder.swift */; };
		D65569E12B31C228005F9F37 /* TitleView.swift in Sources */ = {isa = PBXBuildFile; fileRef = D65569E02B31C228005F9F37 /* TitleView.swift */; };
		D65569E32B31C78D005F9F37 /* FeaturedContentPosterView.swift in Sources */ = {isa = PBXBuildFile; fileRef = D65569E22B31C78D005F9F37 /* FeaturedContentPosterView.swift */; };
		D65569E62B31DF3D005F9F37 /* HeaderCoverArtWorkView.swift in Sources */ = {isa = PBXBuildFile; fileRef = D65569E52B31DF3C005F9F37 /* HeaderCoverArtWorkView.swift */; };
		D65569EA2B31EA32005F9F37 /* HeaderContentView.swift in Sources */ = {isa = PBXBuildFile; fileRef = D65569E92B31EA32005F9F37 /* HeaderContentView.swift */; };
		D67761852B1CE6AE00537DD5 /* AppDelegate.swift in Sources */ = {isa = PBXBuildFile; fileRef = D67761842B1CE6AE00537DD5 /* AppDelegate.swift */; };
		D67761872B1CE6F600537DD5 /* RootHolder.swift in Sources */ = {isa = PBXBuildFile; fileRef = D67761862B1CE6F600537DD5 /* RootHolder.swift */; };
		D67761892B1CED9E00537DD5 /* RootView.swift in Sources */ = {isa = PBXBuildFile; fileRef = D67761882B1CED9E00537DD5 /* RootView.swift */; };
		D677618E2B1CF25A00537DD5 /* StateValue.swift in Sources */ = {isa = PBXBuildFile; fileRef = D677618D2B1CF25A00537DD5 /* StateValue.swift */; };
		D67761902B1CF28A00537DD5 /* ObservableValue.swift in Sources */ = {isa = PBXBuildFile; fileRef = D677618F2B1CF28A00537DD5 /* ObservableValue.swift */; };
		D67761982B1D458B00537DD5 /* StackView.swift in Sources */ = {isa = PBXBuildFile; fileRef = D67761972B1D458B00537DD5 /* StackView.swift */; };
		D677619A2B1D4BA200537DD5 /* EmptyUIView.swift in Sources */ = {isa = PBXBuildFile; fileRef = D67761992B1D4BA200537DD5 /* EmptyUIView.swift */; };
		D696FD2E2B33522D00CA1B98 /* HorizontalShowsListView.swift in Sources */ = {isa = PBXBuildFile; fileRef = D696FD2D2B33522D00CA1B98 /* HorizontalShowsListView.swift */; };
		D6C263322B323CEC00179CDF /* ProvidersList.swift in Sources */ = {isa = PBXBuildFile; fileRef = D6C263312B323CEC00179CDF /* ProvidersList.swift */; };
		D6CB358A2B46D96A002FBEF8 /* View+Extensions.swift in Sources */ = {isa = PBXBuildFile; fileRef = D6CB35892B46D96A002FBEF8 /* View+Extensions.swift */; };
		D6CF9E312B31FFBF00A1AD00 /* ScalingHeaderScrollView in Frameworks */ = {isa = PBXBuildFile; productRef = D6CF9E302B31FFBF00A1AD00 /* ScalingHeaderScrollView */; };
		D6CF9E332B32021300A1AD00 /* CircleButtonStyle.swift in Sources */ = {isa = PBXBuildFile; fileRef = D6CF9E322B32021300A1AD00 /* CircleButtonStyle.swift */; };
		D6CF9E352B32024000A1AD00 /* Color+hex.swift in Sources */ = {isa = PBXBuildFile; fileRef = D6CF9E342B32024000A1AD00 /* Color+hex.swift */; };
		D6DC9DA42B34B27300768065 /* ImageGalleryContentView.swift in Sources */ = {isa = PBXBuildFile; fileRef = D6DC9DA32B34B27300768065 /* ImageGalleryContentView.swift */; };
		E90392C129197BDF00B9CAF0 /* FullScreenView.swift in Sources */ = {isa = PBXBuildFile; fileRef = E90392C029197BDF00B9CAF0 /* FullScreenView.swift */; };
		E983816D2793697B0039CB08 /* ColorExtension.swift in Sources */ = {isa = PBXBuildFile; fileRef = E98381692793697B0039CB08 /* ColorExtension.swift */; };
		E983818E27936BB10039CB08 /* LoadingIndicatorView.swift in Sources */ = {isa = PBXBuildFile; fileRef = E983818327936BAF0039CB08 /* LoadingIndicatorView.swift */; };
		E983819227936BB10039CB08 /* BorderedButton.swift in Sources */ = {isa = PBXBuildFile; fileRef = E983818727936BB00039CB08 /* BorderedButton.swift */; };
		E983819327936BB10039CB08 /* Font.swift in Sources */ = {isa = PBXBuildFile; fileRef = E983818827936BB00039CB08 /* Font.swift */; };
		E98381A127936DC90039CB08 /* ShowDetailView.swift in Sources */ = {isa = PBXBuildFile; fileRef = E983819E27936DC90039CB08 /* ShowDetailView.swift */; };
		E98381AD27937ABF0039CB08 /* FjallaOne-Regular.ttf in Resources */ = {isa = PBXBuildFile; fileRef = E98381AC27937ABF0039CB08 /* FjallaOne-Regular.ttf */; };
		E98381C82793A0A50039CB08 /* WorkSans-ExtraLight.ttf in Resources */ = {isa = PBXBuildFile; fileRef = E98381BF2793A0A40039CB08 /* WorkSans-ExtraLight.ttf */; };
		E98381C92793A0A50039CB08 /* WorkSans-Black.ttf in Resources */ = {isa = PBXBuildFile; fileRef = E98381C02793A0A40039CB08 /* WorkSans-Black.ttf */; };
		E98381CA2793A0A50039CB08 /* WorkSans-Bold.ttf in Resources */ = {isa = PBXBuildFile; fileRef = E98381C12793A0A40039CB08 /* WorkSans-Bold.ttf */; };
		E98381CB2793A0A50039CB08 /* WorkSans-Light.ttf in Resources */ = {isa = PBXBuildFile; fileRef = E98381C22793A0A50039CB08 /* WorkSans-Light.ttf */; };
		E98381CC2793A0A50039CB08 /* WorkSans-ExtraBold.ttf in Resources */ = {isa = PBXBuildFile; fileRef = E98381C32793A0A50039CB08 /* WorkSans-ExtraBold.ttf */; };
		E98381CD2793A0A50039CB08 /* WorkSans-Regular.ttf in Resources */ = {isa = PBXBuildFile; fileRef = E98381C42793A0A50039CB08 /* WorkSans-Regular.ttf */; };
		E98381CE2793A0A50039CB08 /* WorkSans-Thin.ttf in Resources */ = {isa = PBXBuildFile; fileRef = E98381C52793A0A50039CB08 /* WorkSans-Thin.ttf */; };
		E98381CF2793A0A50039CB08 /* WorkSans-SemiBold.ttf in Resources */ = {isa = PBXBuildFile; fileRef = E98381C62793A0A50039CB08 /* WorkSans-SemiBold.ttf */; };
		E98381D02793A0A50039CB08 /* WorkSans-Medium.ttf in Resources */ = {isa = PBXBuildFile; fileRef = E98381C72793A0A50039CB08 /* WorkSans-Medium.ttf */; };
		E98381E127943F940039CB08 /* SnapCarousel.swift in Sources */ = {isa = PBXBuildFile; fileRef = E98381E027943F940039CB08 /* SnapCarousel.swift */; };
		E989E1162940E78E00C01A39 /* SettingsView.swift in Sources */ = {isa = PBXBuildFile; fileRef = E989E1152940E78E00C01A39 /* SettingsView.swift */; };
		E989E1182940EAB300C01A39 /* ThemeUtilities.swift in Sources */ = {isa = PBXBuildFile; fileRef = E989E1172940EAB300C01A39 /* ThemeUtilities.swift */; };
		E9AC834C26CEE00D00829A0D /* Assets.xcassets in Resources */ = {isa = PBXBuildFile; fileRef = E9AC834B26CEE00D00829A0D /* Assets.xcassets */; };
		E9AC835126CEEA1500829A0D /* DiscoverView.swift in Sources */ = {isa = PBXBuildFile; fileRef = E9AC835026CEEA1500829A0D /* DiscoverView.swift */; };
		E9AC835326CEEA9800829A0D /* SearchView.swift in Sources */ = {isa = PBXBuildFile; fileRef = E9AC835226CEEA9800829A0D /* SearchView.swift */; };
		E9AC835526CEEAB800829A0D /* LibraryView.swift in Sources */ = {isa = PBXBuildFile; fileRef = E9AC835426CEEAB800829A0D /* LibraryView.swift */; };
		E9CD0B2527AC7D140021516B /* PrintExtension.swift in Sources */ = {isa = PBXBuildFile; fileRef = E9CD0B2427AC7D140021516B /* PrintExtension.swift */; };
/* End PBXBuildFile section */

/* Begin PBXCopyFilesBuildPhase section */
		7555FFB4242A642300829871 /* Embed Frameworks */ = {
			isa = PBXCopyFilesBuildPhase;
			buildActionMask = 2147483647;
			dstPath = "";
			dstSubfolderSpec = 10;
			files = (
			);
			name = "Embed Frameworks";
			runOnlyForDeploymentPostprocessing = 0;
		};
/* End PBXCopyFilesBuildPhase section */

/* Begin PBXFileReference section */
		2152FB032600AC8F00CF470E /* iOSApp.swift */ = {isa = PBXFileReference; lastKnownFileType = sourcecode.swift; path = iOSApp.swift; sourceTree = "<group>"; };
		7555FF7B242A565900829871 /* tv-maniac.app */ = {isa = PBXFileReference; explicitFileType = wrapper.application; includeInIndex = 0; path = "tv-maniac.app"; sourceTree = BUILT_PRODUCTS_DIR; };
		7555FF8C242A565B00829871 /* Info.plist */ = {isa = PBXFileReference; lastKnownFileType = text.plist.xml; path = Info.plist; sourceTree = "<group>"; };
		D614675B2B3474920071647C /* CollapsibleView.swift */ = {isa = PBXFileReference; lastKnownFileType = sourcecode.swift; path = CollapsibleView.swift; sourceTree = "<group>"; };
		D614675D2B3475F90071647C /* HorizontalAlignment.swift */ = {isa = PBXFileReference; lastKnownFileType = sourcecode.swift; path = HorizontalAlignment.swift; sourceTree = "<group>"; };
		D614675F2B3490120071647C /* VerticalEpisodeListView.swift */ = {isa = PBXFileReference; lastKnownFileType = sourcecode.swift; path = VerticalEpisodeListView.swift; sourceTree = "<group>"; };
		D61467612B3493B60071647C /* EpisodeItemView.swift */ = {isa = PBXFileReference; lastKnownFileType = sourcecode.swift; path = EpisodeItemView.swift; sourceTree = "<group>"; };
		D61A65552B32E8B900112590 /* ChipView.swift */ = {isa = PBXFileReference; lastKnownFileType = sourcecode.swift; path = ChipView.swift; sourceTree = "<group>"; };
		D61A655A2B32F0A500112590 /* TrailerItemView.swift */ = {isa = PBXFileReference; lastKnownFileType = sourcecode.swift; path = TrailerItemView.swift; sourceTree = "<group>"; };
		D61A655C2B32F71600112590 /* TrailerListView.swift */ = {isa = PBXFileReference; lastKnownFileType = sourcecode.swift; path = TrailerListView.swift; sourceTree = "<group>"; };
		D61A65602B330CA500112590 /* CastCardView.swift */ = {isa = PBXFileReference; lastKnownFileType = sourcecode.swift; path = CastCardView.swift; sourceTree = "<group>"; };
		D61A65622B330CC100112590 /* CastListView.swift */ = {isa = PBXFileReference; lastKnownFileType = sourcecode.swift; path = CastListView.swift; sourceTree = "<group>"; };
		D628B5BF2A0C167E00015E45 /* config.yaml */ = {isa = PBXFileReference; fileEncoding = 4; lastKnownFileType = text.yaml; name = config.yaml; path = ../../../core/util/src/commonMain/resources/config.yaml; sourceTree = "<group>"; };
		D628B5C32A0C171300015E45 /* dev.yaml */ = {isa = PBXFileReference; fileEncoding = 4; lastKnownFileType = text.yaml; path = dev.yaml; sourceTree = "<group>"; };
		D62F1BC52B34442D004650E3 /* SeasonDetailsView.swift */ = {isa = PBXFileReference; lastKnownFileType = sourcecode.swift; path = SeasonDetailsView.swift; sourceTree = "<group>"; };
		D62F1BC72B344941004650E3 /* TransparentImageBackground.swift */ = {isa = PBXFileReference; lastKnownFileType = sourcecode.swift; path = TransparentImageBackground.swift; sourceTree = "<group>"; };
		D62F1BCA2B346336004650E3 /* RoundedProgressIndicatorStyle.swift */ = {isa = PBXFileReference; lastKnownFileType = sourcecode.swift; path = RoundedProgressIndicatorStyle.swift; sourceTree = "<group>"; };
		D62F1BCC2B34697F004650E3 /* TopBar.swift */ = {isa = PBXFileReference; lastKnownFileType = sourcecode.swift; path = TopBar.swift; sourceTree = "<group>"; };
		D636CE492B447C9C003F7876 /* TitleMoreView.swift */ = {isa = PBXFileReference; lastKnownFileType = sourcecode.swift; path = TitleMoreView.swift; sourceTree = "<group>"; };
		D636CE4C2B4487B1003F7876 /* MoreShowsView.swift */ = {isa = PBXFileReference; lastKnownFileType = sourcecode.swift; path = MoreShowsView.swift; sourceTree = "<group>"; };
		D64279552A6080A900E65755 /* ToastStyle.swift */ = {isa = PBXFileReference; lastKnownFileType = sourcecode.swift; path = ToastStyle.swift; sourceTree = "<group>"; };
		D64279572A6080D400E65755 /* Toast.swift */ = {isa = PBXFileReference; lastKnownFileType = sourcecode.swift; path = Toast.swift; sourceTree = "<group>"; };
		D64279592A6080F400E65755 /* ToastView.swift */ = {isa = PBXFileReference; lastKnownFileType = sourcecode.swift; path = ToastView.swift; sourceTree = "<group>"; };
		D642795B2A60814000E65755 /* ToastModifier.swift */ = {isa = PBXFileReference; lastKnownFileType = sourcecode.swift; path = ToastModifier.swift; sourceTree = "<group>"; };
		D653924C29D8B70E000EE673 /* TraktManagerError.swift */ = {isa = PBXFileReference; lastKnownFileType = sourcecode.swift; path = TraktManagerError.swift; sourceTree = "<group>"; };
		D653924E29D8BC7E000EE673 /* TraktAuthViewModel.swift */ = {isa = PBXFileReference; lastKnownFileType = sourcecode.swift; path = TraktAuthViewModel.swift; sourceTree = "<group>"; };
		D653925229DABCEA000EE673 /* ConfigLoader.swift */ = {isa = PBXFileReference; lastKnownFileType = sourcecode.swift; path = ConfigLoader.swift; sourceTree = "<group>"; };
		D653925429DABD04000EE673 /* Config.swift */ = {isa = PBXFileReference; lastKnownFileType = sourcecode.swift; path = Config.swift; sourceTree = "<group>"; };
		D653925629DABD8F000EE673 /* ApplicationError.swift */ = {isa = PBXFileReference; lastKnownFileType = sourcecode.swift; path = ApplicationError.swift; sourceTree = "<group>"; };
		D653925A29DAC6A5000EE673 /* UnauthenticatedProfileView.swift */ = {isa = PBXFileReference; lastKnownFileType = sourcecode.swift; path = UnauthenticatedProfileView.swift; sourceTree = "<group>"; };
		D653925C29DAC89D000EE673 /* ProfileView.swift */ = {isa = PBXFileReference; lastKnownFileType = sourcecode.swift; path = ProfileView.swift; sourceTree = "<group>"; };
		D653925F29DAC949000EE673 /* AuthenticatedProfileView.swift */ = {isa = PBXFileReference; lastKnownFileType = sourcecode.swift; path = AuthenticatedProfileView.swift; sourceTree = "<group>"; };
		D653926A29DAD8FA000EE673 /* config.json */ = {isa = PBXFileReference; fileEncoding = 4; lastKnownFileType = text.json; path = config.json; sourceTree = "<group>"; };
		D65569D82B31B453005F9F37 /* HorizontalItemContentListView.swift */ = {isa = PBXFileReference; lastKnownFileType = sourcecode.swift; path = HorizontalItemContentListView.swift; sourceTree = "<group>"; };
		D65569DA2B31B481005F9F37 /* PosterItemView.swift */ = {isa = PBXFileReference; lastKnownFileType = sourcecode.swift; path = PosterItemView.swift; sourceTree = "<group>"; };
		D65569DE2B31B6C1005F9F37 /* PosterPlaceholder.swift */ = {isa = PBXFileReference; lastKnownFileType = sourcecode.swift; path = PosterPlaceholder.swift; sourceTree = "<group>"; };
		D65569E02B31C228005F9F37 /* TitleView.swift */ = {isa = PBXFileReference; lastKnownFileType = sourcecode.swift; path = TitleView.swift; sourceTree = "<group>"; };
		D65569E22B31C78D005F9F37 /* FeaturedContentPosterView.swift */ = {isa = PBXFileReference; lastKnownFileType = sourcecode.swift; path = FeaturedContentPosterView.swift; sourceTree = "<group>"; };
		D65569E52B31DF3C005F9F37 /* HeaderCoverArtWorkView.swift */ = {isa = PBXFileReference; lastKnownFileType = sourcecode.swift; path = HeaderCoverArtWorkView.swift; sourceTree = "<group>"; };
		D65569E92B31EA32005F9F37 /* HeaderContentView.swift */ = {isa = PBXFileReference; lastKnownFileType = sourcecode.swift; path = HeaderContentView.swift; sourceTree = "<group>"; };
		D67761842B1CE6AE00537DD5 /* AppDelegate.swift */ = {isa = PBXFileReference; lastKnownFileType = sourcecode.swift; path = AppDelegate.swift; sourceTree = "<group>"; };
		D67761862B1CE6F600537DD5 /* RootHolder.swift */ = {isa = PBXFileReference; lastKnownFileType = sourcecode.swift; path = RootHolder.swift; sourceTree = "<group>"; };
		D67761882B1CED9E00537DD5 /* RootView.swift */ = {isa = PBXFileReference; lastKnownFileType = sourcecode.swift; path = RootView.swift; sourceTree = "<group>"; };
		D677618D2B1CF25A00537DD5 /* StateValue.swift */ = {isa = PBXFileReference; lastKnownFileType = sourcecode.swift; path = StateValue.swift; sourceTree = "<group>"; };
		D677618F2B1CF28A00537DD5 /* ObservableValue.swift */ = {isa = PBXFileReference; lastKnownFileType = sourcecode.swift; path = ObservableValue.swift; sourceTree = "<group>"; };
		D67761972B1D458B00537DD5 /* StackView.swift */ = {isa = PBXFileReference; lastKnownFileType = sourcecode.swift; path = StackView.swift; sourceTree = "<group>"; };
		D67761992B1D4BA200537DD5 /* EmptyUIView.swift */ = {isa = PBXFileReference; lastKnownFileType = sourcecode.swift; path = EmptyUIView.swift; sourceTree = "<group>"; };
		D696FD2D2B33522D00CA1B98 /* HorizontalShowsListView.swift */ = {isa = PBXFileReference; lastKnownFileType = sourcecode.swift; path = HorizontalShowsListView.swift; sourceTree = "<group>"; };
		D6C263312B323CEC00179CDF /* ProvidersList.swift */ = {isa = PBXFileReference; lastKnownFileType = sourcecode.swift; path = ProvidersList.swift; sourceTree = "<group>"; };
		D6CB35892B46D96A002FBEF8 /* View+Extensions.swift */ = {isa = PBXFileReference; lastKnownFileType = sourcecode.swift; path = "View+Extensions.swift"; sourceTree = "<group>"; };
		D6CF9E322B32021300A1AD00 /* CircleButtonStyle.swift */ = {isa = PBXFileReference; lastKnownFileType = sourcecode.swift; path = CircleButtonStyle.swift; sourceTree = "<group>"; };
		D6CF9E342B32024000A1AD00 /* Color+hex.swift */ = {isa = PBXFileReference; lastKnownFileType = sourcecode.swift; path = "Color+hex.swift"; sourceTree = "<group>"; };
		D6DC9DA32B34B27300768065 /* ImageGalleryContentView.swift */ = {isa = PBXFileReference; lastKnownFileType = sourcecode.swift; path = ImageGalleryContentView.swift; sourceTree = "<group>"; };
		E90392C029197BDF00B9CAF0 /* FullScreenView.swift */ = {isa = PBXFileReference; lastKnownFileType = sourcecode.swift; path = FullScreenView.swift; sourceTree = "<group>"; };
		E98381692793697B0039CB08 /* ColorExtension.swift */ = {isa = PBXFileReference; fileEncoding = 4; lastKnownFileType = sourcecode.swift; path = ColorExtension.swift; sourceTree = "<group>"; };
		E983818327936BAF0039CB08 /* LoadingIndicatorView.swift */ = {isa = PBXFileReference; fileEncoding = 4; lastKnownFileType = sourcecode.swift; path = LoadingIndicatorView.swift; sourceTree = "<group>"; };
		E983818727936BB00039CB08 /* BorderedButton.swift */ = {isa = PBXFileReference; fileEncoding = 4; lastKnownFileType = sourcecode.swift; path = BorderedButton.swift; sourceTree = "<group>"; };
		E983818827936BB00039CB08 /* Font.swift */ = {isa = PBXFileReference; fileEncoding = 4; lastKnownFileType = sourcecode.swift; path = Font.swift; sourceTree = "<group>"; };
		E983819E27936DC90039CB08 /* ShowDetailView.swift */ = {isa = PBXFileReference; fileEncoding = 4; lastKnownFileType = sourcecode.swift; path = ShowDetailView.swift; sourceTree = "<group>"; };
		E98381AC27937ABF0039CB08 /* FjallaOne-Regular.ttf */ = {isa = PBXFileReference; lastKnownFileType = file; path = "FjallaOne-Regular.ttf"; sourceTree = "<group>"; };
		E98381BF2793A0A40039CB08 /* WorkSans-ExtraLight.ttf */ = {isa = PBXFileReference; lastKnownFileType = file; path = "WorkSans-ExtraLight.ttf"; sourceTree = "<group>"; };
		E98381C02793A0A40039CB08 /* WorkSans-Black.ttf */ = {isa = PBXFileReference; lastKnownFileType = file; path = "WorkSans-Black.ttf"; sourceTree = "<group>"; };
		E98381C12793A0A40039CB08 /* WorkSans-Bold.ttf */ = {isa = PBXFileReference; lastKnownFileType = file; path = "WorkSans-Bold.ttf"; sourceTree = "<group>"; };
		E98381C22793A0A50039CB08 /* WorkSans-Light.ttf */ = {isa = PBXFileReference; lastKnownFileType = file; path = "WorkSans-Light.ttf"; sourceTree = "<group>"; };
		E98381C32793A0A50039CB08 /* WorkSans-ExtraBold.ttf */ = {isa = PBXFileReference; lastKnownFileType = file; path = "WorkSans-ExtraBold.ttf"; sourceTree = "<group>"; };
		E98381C42793A0A50039CB08 /* WorkSans-Regular.ttf */ = {isa = PBXFileReference; lastKnownFileType = file; path = "WorkSans-Regular.ttf"; sourceTree = "<group>"; };
		E98381C52793A0A50039CB08 /* WorkSans-Thin.ttf */ = {isa = PBXFileReference; lastKnownFileType = file; path = "WorkSans-Thin.ttf"; sourceTree = "<group>"; };
		E98381C62793A0A50039CB08 /* WorkSans-SemiBold.ttf */ = {isa = PBXFileReference; lastKnownFileType = file; path = "WorkSans-SemiBold.ttf"; sourceTree = "<group>"; };
		E98381C72793A0A50039CB08 /* WorkSans-Medium.ttf */ = {isa = PBXFileReference; lastKnownFileType = file; path = "WorkSans-Medium.ttf"; sourceTree = "<group>"; };
		E98381E027943F940039CB08 /* SnapCarousel.swift */ = {isa = PBXFileReference; lastKnownFileType = sourcecode.swift; name = SnapCarousel.swift; path = ../Components/SnapCarousel.swift; sourceTree = "<group>"; };
		E989E1152940E78E00C01A39 /* SettingsView.swift */ = {isa = PBXFileReference; lastKnownFileType = sourcecode.swift; path = SettingsView.swift; sourceTree = "<group>"; };
		E989E1172940EAB300C01A39 /* ThemeUtilities.swift */ = {isa = PBXFileReference; lastKnownFileType = sourcecode.swift; path = ThemeUtilities.swift; sourceTree = "<group>"; };
		E9AC834B26CEE00D00829A0D /* Assets.xcassets */ = {isa = PBXFileReference; lastKnownFileType = folder.assetcatalog; path = Assets.xcassets; sourceTree = "<group>"; };
		E9AC835026CEEA1500829A0D /* DiscoverView.swift */ = {isa = PBXFileReference; lastKnownFileType = sourcecode.swift; path = DiscoverView.swift; sourceTree = "<group>"; };
		E9AC835226CEEA9800829A0D /* SearchView.swift */ = {isa = PBXFileReference; lastKnownFileType = sourcecode.swift; path = SearchView.swift; sourceTree = "<group>"; };
		E9AC835426CEEAB800829A0D /* LibraryView.swift */ = {isa = PBXFileReference; lastKnownFileType = sourcecode.swift; path = LibraryView.swift; sourceTree = "<group>"; };
		E9CD0B2427AC7D140021516B /* PrintExtension.swift */ = {isa = PBXFileReference; lastKnownFileType = sourcecode.swift; path = PrintExtension.swift; sourceTree = "<group>"; };
/* End PBXFileReference section */

/* Begin PBXFrameworksBuildPhase section */
		9E9525AE31530CCB1C932286 /* Frameworks */ = {
			isa = PBXFrameworksBuildPhase;
			buildActionMask = 2147483647;
			files = (
				D65569DD2B31B54A005F9F37 /* SDWebImageSwiftUI in Frameworks */,
				D61A65592B32EE5000112590 /* YouTubePlayerKit in Frameworks */,
				D653924829D8B6A6000EE673 /* OAuthSwift in Frameworks */,
				D62FD78E2B583BF8004E2F3D /* KMPNativeCoroutinesCombine in Frameworks */,
				D62FD78C2B583BF8004E2F3D /* KMPNativeCoroutinesAsync in Frameworks */,
				D6CF9E312B31FFBF00A1AD00 /* ScalingHeaderScrollView in Frameworks */,
			);
			runOnlyForDeploymentPostprocessing = 0;
		};
/* End PBXFrameworksBuildPhase section */

/* Begin PBXGroup section */
		7555FF72242A565900829871 = {
			isa = PBXGroup;
			children = (
				7555FF7D242A565900829871 /* ios */,
				7555FF7C242A565900829871 /* Products */,
				E9B6866E27871C99001698B7 /* Frameworks */,
			);
			sourceTree = "<group>";
		};
		7555FF7C242A565900829871 /* Products */ = {
			isa = PBXGroup;
			children = (
				7555FF7B242A565900829871 /* tv-maniac.app */,
			);
			name = Products;
			sourceTree = "<group>";
		};
		7555FF7D242A565900829871 /* ios */ = {
			isa = PBXGroup;
			children = (
				D653926A29DAD8FA000EE673 /* config.json */,
				7555FF8C242A565B00829871 /* Info.plist */,
				2152FB032600AC8F00CF470E /* iOSApp.swift */,
				E9AC834B26CEE00D00829A0D /* Assets.xcassets */,
				D653925129DABCBA000EE673 /* Configuration */,
				E9838168279369680039CB08 /* Extensions */,
				E9B6868F278736FA001698B7 /* Feature */,
				D628B5BE2A0C165400015E45 /* Resources */,
				D68FFDD92B1FC89C001EB447 /* Utils */,
				D68FFDDE2B21162A001EB447 /* View */,
			);
			path = ios;
			sourceTree = "<group>";
		};
		D628B5BE2A0C165400015E45 /* Resources */ = {
			isa = PBXGroup;
			children = (
				D628B5C32A0C171300015E45 /* dev.yaml */,
				D628B5BF2A0C167E00015E45 /* config.yaml */,
			);
			path = Resources;
			sourceTree = "<group>";
		};
		D62F1BC42B344313004650E3 /* SeasonDetails */ = {
			isa = PBXGroup;
			children = (
				D62F1BC92B3462BA004650E3 /* Components */,
				D6DC9DA32B34B27300768065 /* ImageGalleryContentView.swift */,
				D62F1BC52B34442D004650E3 /* SeasonDetailsView.swift */,
				D614675F2B3490120071647C /* VerticalEpisodeListView.swift */,
			);
			path = SeasonDetails;
			sourceTree = "<group>";
		};
		D62F1BC92B3462BA004650E3 /* Components */ = {
			isa = PBXGroup;
			children = (
				D614675B2B3474920071647C /* CollapsibleView.swift */,
				D62F1BCA2B346336004650E3 /* RoundedProgressIndicatorStyle.swift */,
				D61467612B3493B60071647C /* EpisodeItemView.swift */,
			);
			path = Components;
			sourceTree = "<group>";
		};
		D636CE4B2B44878F003F7876 /* MoreShows */ = {
			isa = PBXGroup;
			children = (
				D636CE4C2B4487B1003F7876 /* MoreShowsView.swift */,
			);
			path = MoreShows;
			sourceTree = "<group>";
		};
		D64279522A607F7600E65755 /* Toast */ = {
			isa = PBXGroup;
			children = (
				D64279552A6080A900E65755 /* ToastStyle.swift */,
				D64279572A6080D400E65755 /* Toast.swift */,
				D64279592A6080F400E65755 /* ToastView.swift */,
				D642795B2A60814000E65755 /* ToastModifier.swift */,
			);
			path = Toast;
			sourceTree = "<group>";
		};
		D653924929D8B6B8000EE673 /* Profile */ = {
			isa = PBXGroup;
			children = (
				D653926129DACA40000EE673 /* TraktAuth */,
				D653925E29DAC911000EE673 /* Authenticated */,
				D653925929DAC627000EE673 /* Unauthenticated */,
				D653925C29DAC89D000EE673 /* ProfileView.swift */,
			);
			path = Profile;
			sourceTree = "<group>";
		};
		D653925129DABCBA000EE673 /* Configuration */ = {
			isa = PBXGroup;
			children = (
				D653925229DABCEA000EE673 /* ConfigLoader.swift */,
				D653925429DABD04000EE673 /* Config.swift */,
				D653925629DABD8F000EE673 /* ApplicationError.swift */,
			);
			path = Configuration;
			sourceTree = "<group>";
		};
		D653925929DAC627000EE673 /* Unauthenticated */ = {
			isa = PBXGroup;
			children = (
				D653925A29DAC6A5000EE673 /* UnauthenticatedProfileView.swift */,
			);
			path = Unauthenticated;
			sourceTree = "<group>";
		};
		D653925E29DAC911000EE673 /* Authenticated */ = {
			isa = PBXGroup;
			children = (
				D653925F29DAC949000EE673 /* AuthenticatedProfileView.swift */,
			);
			path = Authenticated;
			sourceTree = "<group>";
		};
		D653926129DACA40000EE673 /* TraktAuth */ = {
			isa = PBXGroup;
			children = (
				D653924C29D8B70E000EE673 /* TraktManagerError.swift */,
				D653924E29D8BC7E000EE673 /* TraktAuthViewModel.swift */,
			);
			path = TraktAuth;
			sourceTree = "<group>";
		};
		D65569E42B31DF14005F9F37 /* Components */ = {
			isa = PBXGroup;
			children = (
				D696FD2D2B33522D00CA1B98 /* HorizontalShowsListView.swift */,
			);
			path = Components;
			sourceTree = "<group>";
		};
		D667A42E2B23DC0E009C951E /* Root */ = {
			isa = PBXGroup;
			children = (
				D67761882B1CED9E00537DD5 /* RootView.swift */,
			);
			path = Root;
			sourceTree = "<group>";
		};
		D677618C2B1CF22500537DD5 /* DecomposeHelpers */ = {
			isa = PBXGroup;
			children = (
				D67761862B1CE6F600537DD5 /* RootHolder.swift */,
				D67761842B1CE6AE00537DD5 /* AppDelegate.swift */,
				D67761972B1D458B00537DD5 /* StackView.swift */,
				D677618D2B1CF25A00537DD5 /* StateValue.swift */,
				D677618F2B1CF28A00537DD5 /* ObservableValue.swift */,
			);
			name = DecomposeHelpers;
			sourceTree = "<group>";
		};
		D68FFDD92B1FC89C001EB447 /* Utils */ = {
			isa = PBXGroup;
			children = (
				D677618C2B1CF22500537DD5 /* DecomposeHelpers */,
				E989E1172940EAB300C01A39 /* ThemeUtilities.swift */,
			);
			name = Utils;
			sourceTree = "<group>";
		};
		D68FFDDE2B21162A001EB447 /* View */ = {
			isa = PBXGroup;
			children = (
				D6C263342B32421900179CDF /* Casts */,
				E9B686942787377A001698B7 /* Components */,
				E9B6869027873707001698B7 /* Discover */,
				E9B6869227873747001698B7 /* Library */,
				D636CE4B2B44878F003F7876 /* MoreShows */,
				D6C263302B323CD300179CDF /* Providers */,
				D667A42E2B23DC0E009C951E /* Root */,
				E9B6869127873738001698B7 /* Search */,
				D62F1BC42B344313004650E3 /* SeasonDetails */,
				D68FFDDF2B211690001EB447 /* Settings */,
				E983819927936D8E0039CB08 /* ShowDetails */,
				D6C263332B32413600179CDF /* Trailers */,
			);
			name = View;
			sourceTree = "<group>";
		};
		D68FFDDF2B211690001EB447 /* Settings */ = {
			isa = PBXGroup;
			children = (
				E989E1152940E78E00C01A39 /* SettingsView.swift */,
			);
			path = Settings;
			sourceTree = "<group>";
		};
		D6BB5CF22B23784300D542D4 /* Components */ = {
			isa = PBXGroup;
			children = (
				D65569E22B31C78D005F9F37 /* FeaturedContentPosterView.swift */,
				E98381E027943F940039CB08 /* SnapCarousel.swift */,
				D636CE492B447C9C003F7876 /* TitleMoreView.swift */,
			);
			name = Components;
			sourceTree = "<group>";
		};
		D6C263302B323CD300179CDF /* Providers */ = {
			isa = PBXGroup;
			children = (
				D6C263312B323CEC00179CDF /* ProvidersList.swift */,
			);
			path = Providers;
			sourceTree = "<group>";
		};
		D6C263332B32413600179CDF /* Trailers */ = {
			isa = PBXGroup;
			children = (
				D61A655A2B32F0A500112590 /* TrailerItemView.swift */,
				D61A655C2B32F71600112590 /* TrailerListView.swift */,
			);
			path = Trailers;
			sourceTree = "<group>";
		};
		D6C263342B32421900179CDF /* Casts */ = {
			isa = PBXGroup;
			children = (
				D61A65602B330CA500112590 /* CastCardView.swift */,
				D61A65622B330CC100112590 /* CastListView.swift */,
			);
			path = Casts;
			sourceTree = "<group>";
		};
		E9838168279369680039CB08 /* Extensions */ = {
			isa = PBXGroup;
			children = (
				E983817127936B420039CB08 /* Font */,
				E983818827936BB00039CB08 /* Font.swift */,
				E98381692793697B0039CB08 /* ColorExtension.swift */,
				E9CD0B2427AC7D140021516B /* PrintExtension.swift */,
				D6CF9E342B32024000A1AD00 /* Color+hex.swift */,
				D614675D2B3475F90071647C /* HorizontalAlignment.swift */,
				D6CB35892B46D96A002FBEF8 /* View+Extensions.swift */,
			);
			path = Extensions;
			sourceTree = "<group>";
		};
		E983817127936B420039CB08 /* Font */ = {
			isa = PBXGroup;
			children = (
				E98381C02793A0A40039CB08 /* WorkSans-Black.ttf */,
				E98381C12793A0A40039CB08 /* WorkSans-Bold.ttf */,
				E98381C32793A0A50039CB08 /* WorkSans-ExtraBold.ttf */,
				E98381BF2793A0A40039CB08 /* WorkSans-ExtraLight.ttf */,
				E98381C22793A0A50039CB08 /* WorkSans-Light.ttf */,
				E98381C72793A0A50039CB08 /* WorkSans-Medium.ttf */,
				E98381C42793A0A50039CB08 /* WorkSans-Regular.ttf */,
				E98381C62793A0A50039CB08 /* WorkSans-SemiBold.ttf */,
				E98381C52793A0A50039CB08 /* WorkSans-Thin.ttf */,
				E98381AC27937ABF0039CB08 /* FjallaOne-Regular.ttf */,
			);
			path = Font;
			sourceTree = "<group>";
		};
		E983819927936D8E0039CB08 /* ShowDetails */ = {
			isa = PBXGroup;
			children = (
				D65569E42B31DF14005F9F37 /* Components */,
				E983819E27936DC90039CB08 /* ShowDetailView.swift */,
				D65569E92B31EA32005F9F37 /* HeaderContentView.swift */,
			);
			path = ShowDetails;
			sourceTree = "<group>";
		};
		E9B6866E27871C99001698B7 /* Frameworks */ = {
			isa = PBXGroup;
			children = (
			);
			name = Frameworks;
			sourceTree = "<group>";
		};
		E9B6868F278736FA001698B7 /* Feature */ = {
			isa = PBXGroup;
			children = (
				D653924929D8B6B8000EE673 /* Profile */,
			);
			path = Feature;
			sourceTree = "<group>";
		};
		E9B6869027873707001698B7 /* Discover */ = {
			isa = PBXGroup;
			children = (
				D6BB5CF22B23784300D542D4 /* Components */,
				E9AC835026CEEA1500829A0D /* DiscoverView.swift */,
				D65569D82B31B453005F9F37 /* HorizontalItemContentListView.swift */,
			);
			path = Discover;
			sourceTree = "<group>";
		};
		E9B6869127873738001698B7 /* Search */ = {
			isa = PBXGroup;
			children = (
				E9AC835226CEEA9800829A0D /* SearchView.swift */,
			);
			path = Search;
			sourceTree = "<group>";
		};
		E9B6869227873747001698B7 /* Library */ = {
			isa = PBXGroup;
			children = (
				E9AC835426CEEAB800829A0D /* LibraryView.swift */,
			);
			name = Library;
			path = Feature;
			sourceTree = "<group>";
		};
		E9B686942787377A001698B7 /* Components */ = {
			isa = PBXGroup;
			children = (
				E983818727936BB00039CB08 /* BorderedButton.swift */,
				D61A65552B32E8B900112590 /* ChipView.swift */,
				D6CF9E322B32021300A1AD00 /* CircleButtonStyle.swift */,
				D67761992B1D4BA200537DD5 /* EmptyUIView.swift */,
				E90392C029197BDF00B9CAF0 /* FullScreenView.swift */,
				D65569E52B31DF3C005F9F37 /* HeaderCoverArtWorkView.swift */,
				E983818327936BAF0039CB08 /* LoadingIndicatorView.swift */,
				D65569DA2B31B481005F9F37 /* PosterItemView.swift */,
				D65569DE2B31B6C1005F9F37 /* PosterPlaceholder.swift */,
				D65569E02B31C228005F9F37 /* TitleView.swift */,
				D62F1BCC2B34697F004650E3 /* TopBar.swift */,
				D62F1BC72B344941004650E3 /* TransparentImageBackground.swift */,
				D64279522A607F7600E65755 /* Toast */,
			);
			path = Components;
			sourceTree = "<group>";
		};
/* End PBXGroup section */

/* Begin PBXNativeTarget section */
		7555FF7A242A565900829871 /* tv-maniac */ = {
			isa = PBXNativeTarget;
			buildConfigurationList = 7555FFA5242A565B00829871 /* Build configuration list for PBXNativeTarget "tv-maniac" */;
			buildPhases = (
				D636CE472B4423CE003F7876 /* ShellScript */,
				7555FF77242A565900829871 /* Sources */,
				9E9525AE31530CCB1C932286 /* Frameworks */,
				7555FF79242A565900829871 /* Resources */,
				7555FFB4242A642300829871 /* Embed Frameworks */,
			);
			buildRules = (
			);
			dependencies = (
			);
			name = "tv-maniac";
			packageProductDependencies = (
				D653924729D8B6A6000EE673 /* OAuthSwift */,
				D65569DC2B31B54A005F9F37 /* SDWebImageSwiftUI */,
				D6CF9E302B31FFBF00A1AD00 /* ScalingHeaderScrollView */,
				D61A65582B32EE5000112590 /* YouTubePlayerKit */,
				D62FD78B2B583BF8004E2F3D /* KMPNativeCoroutinesAsync */,
				D62FD78D2B583BF8004E2F3D /* KMPNativeCoroutinesCombine */,
			);
			productName = ios;
			productReference = 7555FF7B242A565900829871 /* tv-maniac.app */;
			productType = "com.apple.product-type.application";
		};
/* End PBXNativeTarget section */

/* Begin PBXProject section */
		7555FF73242A565900829871 /* Project object */ = {
			isa = PBXProject;
			attributes = {
				LastSwiftUpdateCheck = 1130;
				LastUpgradeCheck = 1130;
				ORGANIZATIONNAME = orgName;
				TargetAttributes = {
					7555FF7A242A565900829871 = {
						CreatedOnToolsVersion = 11.3.1;
					};
				};
			};
			buildConfigurationList = 7555FF76242A565900829871 /* Build configuration list for PBXProject "tv-maniac" */;
			compatibilityVersion = "Xcode 9.3";
			developmentRegion = en;
			hasScannedForEncodings = 0;
			knownRegions = (
				en,
				Base,
			);
			mainGroup = 7555FF72242A565900829871;
			packageReferences = (
				E9C6114C27FF863600F8A23F /* XCRemoteSwiftPackageReference "Kingfisher" */,
				D653924629D8B6A6000EE673 /* XCRemoteSwiftPackageReference "OAuthSwift" */,
				D68666B12B1E7F2E00D6D334 /* XCRemoteSwiftPackageReference "SDWebImageSwiftUI" */,
				D6CF9E2F2B31FFBF00A1AD00 /* XCRemoteSwiftPackageReference "ScalingHeaderScrollView" */,
				D61A65572B32EE5000112590 /* XCRemoteSwiftPackageReference "YouTubePlayerKit" */,
				D62FD78A2B583BF8004E2F3D /* XCRemoteSwiftPackageReference "KMP-NativeCoroutines" */,
			);
			productRefGroup = 7555FF7C242A565900829871 /* Products */;
			projectDirPath = "";
			projectRoot = "";
			targets = (
				7555FF7A242A565900829871 /* tv-maniac */,
			);
		};
/* End PBXProject section */

/* Begin PBXResourcesBuildPhase section */
		7555FF79242A565900829871 /* Resources */ = {
			isa = PBXResourcesBuildPhase;
			buildActionMask = 2147483647;
			files = (
				E98381AD27937ABF0039CB08 /* FjallaOne-Regular.ttf in Resources */,
				E98381CC2793A0A50039CB08 /* WorkSans-ExtraBold.ttf in Resources */,
				E98381CF2793A0A50039CB08 /* WorkSans-SemiBold.ttf in Resources */,
				D628B5C02A0C167E00015E45 /* config.yaml in Resources */,
				D628B5C42A0C171300015E45 /* dev.yaml in Resources */,
				E98381CE2793A0A50039CB08 /* WorkSans-Thin.ttf in Resources */,
				E98381D02793A0A50039CB08 /* WorkSans-Medium.ttf in Resources */,
				D653926B29DAD8FA000EE673 /* config.json in Resources */,
				E98381C82793A0A50039CB08 /* WorkSans-ExtraLight.ttf in Resources */,
				E9AC834C26CEE00D00829A0D /* Assets.xcassets in Resources */,
				E98381CD2793A0A50039CB08 /* WorkSans-Regular.ttf in Resources */,
				E98381C92793A0A50039CB08 /* WorkSans-Black.ttf in Resources */,
				E98381CB2793A0A50039CB08 /* WorkSans-Light.ttf in Resources */,
				E98381CA2793A0A50039CB08 /* WorkSans-Bold.ttf in Resources */,
			);
			runOnlyForDeploymentPostprocessing = 0;
		};
/* End PBXResourcesBuildPhase section */

/* Begin PBXShellScriptBuildPhase section */
		D636CE472B4423CE003F7876 /* ShellScript */ = {
			isa = PBXShellScriptBuildPhase;
			buildActionMask = 2147483647;
			files = (
			);
			inputFileListPaths = (
			);
			inputPaths = (
			);
			outputFileListPaths = (
			);
			outputPaths = (
			);
			runOnlyForDeploymentPostprocessing = 0;
			shellPath = /bin/sh;
			shellScript = "cd \"$SRCROOT/..\"\n./gradlew :shared:embedAndSignAppleFrameworkForXcode\n";
		};
/* End PBXShellScriptBuildPhase section */

/* Begin PBXSourcesBuildPhase section */
		7555FF77242A565900829871 /* Sources */ = {
			isa = PBXSourcesBuildPhase;
			buildActionMask = 2147483647;
			files = (
				E9AC835526CEEAB800829A0D /* LibraryView.swift in Sources */,
				D614675E2B3475F90071647C /* HorizontalAlignment.swift in Sources */,
				D642795A2A6080F400E65755 /* ToastView.swift in Sources */,
				D61A65612B330CA500112590 /* CastCardView.swift in Sources */,
				D61A65562B32E8B900112590 /* ChipView.swift in Sources */,
				D653925329DABCEA000EE673 /* ConfigLoader.swift in Sources */,
				D61A65632B330CC100112590 /* CastListView.swift in Sources */,
				D6CF9E332B32021300A1AD00 /* CircleButtonStyle.swift in Sources */,
				D636CE4D2B4487B1003F7876 /* MoreShowsView.swift in Sources */,
				D6DC9DA42B34B27300768065 /* ImageGalleryContentView.swift in Sources */,
				E989E1162940E78E00C01A39 /* SettingsView.swift in Sources */,
				D61A655B2B32F0A500112590 /* TrailerItemView.swift in Sources */,
				E98381A127936DC90039CB08 /* ShowDetailView.swift in Sources */,
				D677619A2B1D4BA200537DD5 /* EmptyUIView.swift in Sources */,
				D62F1BCB2B346336004650E3 /* RoundedProgressIndicatorStyle.swift in Sources */,
				D6CB358A2B46D96A002FBEF8 /* View+Extensions.swift in Sources */,
				D653925B29DAC6A5000EE673 /* UnauthenticatedProfileView.swift in Sources */,
				E9AC835326CEEA9800829A0D /* SearchView.swift in Sources */,
				D62F1BC62B34442D004650E3 /* SeasonDetailsView.swift in Sources */,
				D696FD2E2B33522D00CA1B98 /* HorizontalShowsListView.swift in Sources */,
				D62F1BC82B344941004650E3 /* TransparentImageBackground.swift in Sources */,
				E983818E27936BB10039CB08 /* LoadingIndicatorView.swift in Sources */,
				D653924D29D8B70E000EE673 /* TraktManagerError.swift in Sources */,
				D614675C2B3474920071647C /* CollapsibleView.swift in Sources */,
				D65569E32B31C78D005F9F37 /* FeaturedContentPosterView.swift in Sources */,
				D67761982B1D458B00537DD5 /* StackView.swift in Sources */,
				E983819227936BB10039CB08 /* BorderedButton.swift in Sources */,
				E90392C129197BDF00B9CAF0 /* FullScreenView.swift in Sources */,
				D636CE4A2B447C9C003F7876 /* TitleMoreView.swift in Sources */,
				E989E1182940EAB300C01A39 /* ThemeUtilities.swift in Sources */,
				D64279582A6080D400E65755 /* Toast.swift in Sources */,
				D67761902B1CF28A00537DD5 /* ObservableValue.swift in Sources */,
				D65569D92B31B453005F9F37 /* HorizontalItemContentListView.swift in Sources */,
				D65569DB2B31B481005F9F37 /* PosterItemView.swift in Sources */,
				D67761872B1CE6F600537DD5 /* RootHolder.swift in Sources */,
				D67761892B1CED9E00537DD5 /* RootView.swift in Sources */,
				2152FB042600AC8F00CF470E /* iOSApp.swift in Sources */,
				D65569E62B31DF3D005F9F37 /* HeaderCoverArtWorkView.swift in Sources */,
				D61467622B3493B60071647C /* EpisodeItemView.swift in Sources */,
				D61467602B3490120071647C /* VerticalEpisodeListView.swift in Sources */,
				D67761852B1CE6AE00537DD5 /* AppDelegate.swift in Sources */,
				D64279562A6080A900E65755 /* ToastStyle.swift in Sources */,
				E9CD0B2527AC7D140021516B /* PrintExtension.swift in Sources */,
				D65569DF2B31B6C1005F9F37 /* PosterPlaceholder.swift in Sources */,
				E9AC835126CEEA1500829A0D /* DiscoverView.swift in Sources */,
				E983819327936BB10039CB08 /* Font.swift in Sources */,
				D61A655D2B32F71600112590 /* TrailerListView.swift in Sources */,
				D6C263322B323CEC00179CDF /* ProvidersList.swift in Sources */,
				E98381E127943F940039CB08 /* SnapCarousel.swift in Sources */,
				D62F1BCD2B34697F004650E3 /* TopBar.swift in Sources */,
				D6CF9E352B32024000A1AD00 /* Color+hex.swift in Sources */,
				D653924F29D8BC7E000EE673 /* TraktAuthViewModel.swift in Sources */,
				D65569EA2B31EA32005F9F37 /* HeaderContentView.swift in Sources */,
				D65569E12B31C228005F9F37 /* TitleView.swift in Sources */,
				D642795C2A60814000E65755 /* ToastModifier.swift in Sources */,
				D677618E2B1CF25A00537DD5 /* StateValue.swift in Sources */,
				E983816D2793697B0039CB08 /* ColorExtension.swift in Sources */,
				D653925529DABD04000EE673 /* Config.swift in Sources */,
				D653926029DAC949000EE673 /* AuthenticatedProfileView.swift in Sources */,
				D653925D29DAC89D000EE673 /* ProfileView.swift in Sources */,
				D653925729DABD8F000EE673 /* ApplicationError.swift in Sources */,
			);
			runOnlyForDeploymentPostprocessing = 0;
		};
/* End PBXSourcesBuildPhase section */

/* Begin XCBuildConfiguration section */
		7555FFA3242A565B00829871 /* Debug */ = {
			isa = XCBuildConfiguration;
			buildSettings = {
				ALWAYS_EMBED_SWIFT_STANDARD_LIBRARIES = YES;
				ALWAYS_SEARCH_USER_PATHS = NO;
				CLANG_ANALYZER_NONNULL = YES;
				CLANG_ANALYZER_NUMBER_OBJECT_CONVERSION = YES_AGGRESSIVE;
				CLANG_CXX_LANGUAGE_STANDARD = "gnu++14";
				CLANG_CXX_LIBRARY = "libc++";
				CLANG_ENABLE_MODULES = YES;
				CLANG_ENABLE_OBJC_ARC = YES;
				CLANG_ENABLE_OBJC_WEAK = YES;
				CLANG_WARN_BLOCK_CAPTURE_AUTORELEASING = YES;
				CLANG_WARN_BOOL_CONVERSION = YES;
				CLANG_WARN_COMMA = YES;
				CLANG_WARN_CONSTANT_CONVERSION = YES;
				CLANG_WARN_DEPRECATED_OBJC_IMPLEMENTATIONS = YES;
				CLANG_WARN_DIRECT_OBJC_ISA_USAGE = YES_ERROR;
				CLANG_WARN_DOCUMENTATION_COMMENTS = YES;
				CLANG_WARN_EMPTY_BODY = YES;
				CLANG_WARN_ENUM_CONVERSION = YES;
				CLANG_WARN_INFINITE_RECURSION = YES;
				CLANG_WARN_INT_CONVERSION = YES;
				CLANG_WARN_NON_LITERAL_NULL_CONVERSION = YES;
				CLANG_WARN_OBJC_IMPLICIT_RETAIN_SELF = YES;
				CLANG_WARN_OBJC_LITERAL_CONVERSION = YES;
				CLANG_WARN_OBJC_ROOT_CLASS = YES_ERROR;
				CLANG_WARN_QUOTED_INCLUDE_IN_FRAMEWORK_HEADER = YES;
				CLANG_WARN_RANGE_LOOP_ANALYSIS = YES;
				CLANG_WARN_STRICT_PROTOTYPES = YES;
				CLANG_WARN_SUSPICIOUS_MOVE = YES;
				CLANG_WARN_UNGUARDED_AVAILABILITY = YES_AGGRESSIVE;
				CLANG_WARN_UNREACHABLE_CODE = YES;
				CLANG_WARN__DUPLICATE_METHOD_MATCH = YES;
				COPY_PHASE_STRIP = NO;
				DEBUG_INFORMATION_FORMAT = "dwarf-with-dsym";
				ENABLE_STRICT_OBJC_MSGSEND = YES;
				ENABLE_TESTABILITY = YES;
				ENABLE_USER_SCRIPT_SANDBOXING = YES;
				FRAMEWORK_SEARCH_PATHS = "";
				GCC_C_LANGUAGE_STANDARD = gnu11;
				GCC_DYNAMIC_NO_PIC = NO;
				GCC_NO_COMMON_BLOCKS = YES;
				GCC_OPTIMIZATION_LEVEL = 0;
				GCC_PREPROCESSOR_DEFINITIONS = (
					"DEBUG=1",
					"$(inherited)",
				);
				GCC_WARN_64_TO_32_BIT_CONVERSION = YES;
				GCC_WARN_ABOUT_RETURN_TYPE = YES_ERROR;
				GCC_WARN_UNDECLARED_SELECTOR = YES;
				GCC_WARN_UNINITIALIZED_AUTOS = YES_AGGRESSIVE;
				GCC_WARN_UNUSED_FUNCTION = YES;
				GCC_WARN_UNUSED_VARIABLE = YES;
				IPHONEOS_DEPLOYMENT_TARGET = 17.0;
				MTL_ENABLE_DEBUG_INFO = INCLUDE_SOURCE;
				MTL_FAST_MATH = YES;
				ONLY_ACTIVE_ARCH = YES;
				OTHER_LDFLAGS = "";
				SDKROOT = iphoneos;
				SWIFT_ACTIVE_COMPILATION_CONDITIONS = DEBUG;
				SWIFT_OPTIMIZATION_LEVEL = "-Onone";
			};
			name = Debug;
		};
		7555FFA4242A565B00829871 /* Release */ = {
			isa = XCBuildConfiguration;
			buildSettings = {
				ALWAYS_EMBED_SWIFT_STANDARD_LIBRARIES = YES;
				ALWAYS_SEARCH_USER_PATHS = NO;
				CLANG_ANALYZER_NONNULL = YES;
				CLANG_ANALYZER_NUMBER_OBJECT_CONVERSION = YES_AGGRESSIVE;
				CLANG_CXX_LANGUAGE_STANDARD = "gnu++14";
				CLANG_CXX_LIBRARY = "libc++";
				CLANG_ENABLE_MODULES = YES;
				CLANG_ENABLE_OBJC_ARC = YES;
				CLANG_ENABLE_OBJC_WEAK = YES;
				CLANG_WARN_BLOCK_CAPTURE_AUTORELEASING = YES;
				CLANG_WARN_BOOL_CONVERSION = YES;
				CLANG_WARN_COMMA = YES;
				CLANG_WARN_CONSTANT_CONVERSION = YES;
				CLANG_WARN_DEPRECATED_OBJC_IMPLEMENTATIONS = YES;
				CLANG_WARN_DIRECT_OBJC_ISA_USAGE = YES_ERROR;
				CLANG_WARN_DOCUMENTATION_COMMENTS = YES;
				CLANG_WARN_EMPTY_BODY = YES;
				CLANG_WARN_ENUM_CONVERSION = YES;
				CLANG_WARN_INFINITE_RECURSION = YES;
				CLANG_WARN_INT_CONVERSION = YES;
				CLANG_WARN_NON_LITERAL_NULL_CONVERSION = YES;
				CLANG_WARN_OBJC_IMPLICIT_RETAIN_SELF = YES;
				CLANG_WARN_OBJC_LITERAL_CONVERSION = YES;
				CLANG_WARN_OBJC_ROOT_CLASS = YES_ERROR;
				CLANG_WARN_QUOTED_INCLUDE_IN_FRAMEWORK_HEADER = YES;
				CLANG_WARN_RANGE_LOOP_ANALYSIS = YES;
				CLANG_WARN_STRICT_PROTOTYPES = YES;
				CLANG_WARN_SUSPICIOUS_MOVE = YES;
				CLANG_WARN_UNGUARDED_AVAILABILITY = YES_AGGRESSIVE;
				CLANG_WARN_UNREACHABLE_CODE = YES;
				CLANG_WARN__DUPLICATE_METHOD_MATCH = YES;
				COPY_PHASE_STRIP = NO;
				DEBUG_INFORMATION_FORMAT = "dwarf-with-dsym";
				ENABLE_NS_ASSERTIONS = NO;
				ENABLE_STRICT_OBJC_MSGSEND = YES;
				FRAMEWORK_SEARCH_PATHS = "";
				GCC_C_LANGUAGE_STANDARD = gnu11;
				GCC_NO_COMMON_BLOCKS = YES;
				GCC_WARN_64_TO_32_BIT_CONVERSION = YES;
				GCC_WARN_ABOUT_RETURN_TYPE = YES_ERROR;
				GCC_WARN_UNDECLARED_SELECTOR = YES;
				GCC_WARN_UNINITIALIZED_AUTOS = YES_AGGRESSIVE;
				GCC_WARN_UNUSED_FUNCTION = YES;
				GCC_WARN_UNUSED_VARIABLE = YES;
				IPHONEOS_DEPLOYMENT_TARGET = 17.0;
				MTL_ENABLE_DEBUG_INFO = NO;
				MTL_FAST_MATH = YES;
				OTHER_LDFLAGS = "";
				SDKROOT = iphoneos;
				SWIFT_COMPILATION_MODE = wholemodule;
				SWIFT_OPTIMIZATION_LEVEL = "-O";
				VALIDATE_PRODUCT = YES;
			};
			name = Release;
		};
		7555FFA6242A565B00829871 /* Debug */ = {
			isa = XCBuildConfiguration;
			buildSettings = {
				ALWAYS_EMBED_SWIFT_STANDARD_LIBRARIES = "$(EMBEDDED_CONTENT_CONTAINS_SWIFT)";
				ASSETCATALOG_COMPILER_APPICON_NAME = AppIcon;
				ASSETCATALOG_COMPILER_INCLUDE_ALL_APPICON_ASSETS = YES;
				CODE_SIGN_IDENTITY = "Apple Development";
				CODE_SIGN_STYLE = Automatic;
				DEVELOPMENT_ASSET_PATHS = "";
				DEVELOPMENT_TEAM = 2M53227BD2;
				ENABLE_PREVIEWS = YES;
				EXCLUDED_ARCHS = "";
				FRAMEWORK_SEARCH_PATHS = "$(SRCROOT)/../shared/build/xcode-frameworks/$(CONFIGURATION)/$(SDK_NAME)";
				INFOPLIST_FILE = ios/Info.plist;
				INFOPLIST_KEY_CFBundleDisplayName = TvManiac;
				IPHONEOS_DEPLOYMENT_TARGET = 16.1;
				LD_RUNPATH_SEARCH_PATHS = (
					"$(inherited)",
					"@executable_path/Frameworks",
				);
				OTHER_LDFLAGS = (
					"$(inherited)",
					"-ObjC",
					"-l\"c++\"",
					"-framework",
					TvManiac,
					"-lsqlite3",
				);
				PRODUCT_BUNDLE_IDENTIFIER = com.thomaskioko.tvmaniac;
				PRODUCT_NAME = "$(TARGET_NAME)";
				PROVISIONING_PROFILE_SPECIFIER = "";
				SUPPORTED_PLATFORMS = "iphoneos iphonesimulator";
				SUPPORTS_MACCATALYST = NO;
				SUPPORTS_MAC_DESIGNED_FOR_IPHONE_IPAD = NO;
				SWIFT_VERSION = 5.0;
				TARGETED_DEVICE_FAMILY = 1;
			};
			name = Debug;
		};
		7555FFA7242A565B00829871 /* Release */ = {
			isa = XCBuildConfiguration;
			buildSettings = {
				ALWAYS_EMBED_SWIFT_STANDARD_LIBRARIES = "$(EMBEDDED_CONTENT_CONTAINS_SWIFT)";
				ASSETCATALOG_COMPILER_APPICON_NAME = AppIcon;
				ASSETCATALOG_COMPILER_INCLUDE_ALL_APPICON_ASSETS = YES;
				CODE_SIGN_IDENTITY = "Apple Development";
				CODE_SIGN_STYLE = Automatic;
				DEVELOPMENT_ASSET_PATHS = "";
				DEVELOPMENT_TEAM = 2M53227BD2;
				ENABLE_PREVIEWS = YES;
				EXCLUDED_ARCHS = "";
				FRAMEWORK_SEARCH_PATHS = "$(SRCROOT)/../shared/build/xcode-frameworks/$(CONFIGURATION)/$(SDK_NAME)";
				"FRAMEWORK_SEARCH_PATHS[arch=*]" = "";
				INFOPLIST_FILE = ios/Info.plist;
				INFOPLIST_KEY_CFBundleDisplayName = TvManiac;
				IPHONEOS_DEPLOYMENT_TARGET = 16.1;
				LD_RUNPATH_SEARCH_PATHS = (
					"$(inherited)",
					"@executable_path/Frameworks",
				);
				OTHER_LDFLAGS = (
					"$(inherited)",
					"-ObjC",
					"-l\"c++\"",
					"-framework",
					TvManiac,
					"-lsqlite3",
				);
				PRODUCT_BUNDLE_IDENTIFIER = com.thomaskioko.tvmaniac;
				PRODUCT_NAME = "$(TARGET_NAME)";
				PROVISIONING_PROFILE_SPECIFIER = "";
				SUPPORTED_PLATFORMS = "iphoneos iphonesimulator";
				SUPPORTS_MACCATALYST = NO;
				SUPPORTS_MAC_DESIGNED_FOR_IPHONE_IPAD = NO;
				SWIFT_VERSION = 5.0;
				TARGETED_DEVICE_FAMILY = 1;
			};
			name = Release;
		};
/* End XCBuildConfiguration section */

/* Begin XCConfigurationList section */
		7555FF76242A565900829871 /* Build configuration list for PBXProject "tv-maniac" */ = {
			isa = XCConfigurationList;
			buildConfigurations = (
				7555FFA3242A565B00829871 /* Debug */,
				7555FFA4242A565B00829871 /* Release */,
			);
			defaultConfigurationIsVisible = 0;
			defaultConfigurationName = Release;
		};
		7555FFA5242A565B00829871 /* Build configuration list for PBXNativeTarget "tv-maniac" */ = {
			isa = XCConfigurationList;
			buildConfigurations = (
				7555FFA6242A565B00829871 /* Debug */,
				7555FFA7242A565B00829871 /* Release */,
			);
			defaultConfigurationIsVisible = 0;
			defaultConfigurationName = Release;
		};
/* End XCConfigurationList section */

/* Begin XCRemoteSwiftPackageReference section */
		D61A65572B32EE5000112590 /* XCRemoteSwiftPackageReference "YouTubePlayerKit" */ = {
			isa = XCRemoteSwiftPackageReference;
			repositoryURL = "https://github.com/SvenTiigi/YouTubePlayerKit.git";
			requirement = {
				kind = upToNextMajorVersion;
				minimumVersion = 1.5.4;
			};
		};
		D62FD78A2B583BF8004E2F3D /* XCRemoteSwiftPackageReference "KMP-NativeCoroutines" */ = {
			isa = XCRemoteSwiftPackageReference;
			repositoryURL = "https://github.com/rickclephas/KMP-NativeCoroutines";
			requirement = {
				kind = exactVersion;
				version = "1.0.0-ALPHA-24";
			};
		};
		D653924629D8B6A6000EE673 /* XCRemoteSwiftPackageReference "OAuthSwift" */ = {
			isa = XCRemoteSwiftPackageReference;
			repositoryURL = "https://github.com/OAuthSwift/OAuthSwift";
			requirement = {
				kind = upToNextMajorVersion;
				minimumVersion = 2.2.0;
			};
		};
		D68666B12B1E7F2E00D6D334 /* XCRemoteSwiftPackageReference "SDWebImageSwiftUI" */ = {
			isa = XCRemoteSwiftPackageReference;
			repositoryURL = "https://github.com/SDWebImage/SDWebImageSwiftUI";
			requirement = {
				kind = upToNextMajorVersion;
				minimumVersion = 2.2.5;
			};
		};
		D6CF9E2F2B31FFBF00A1AD00 /* XCRemoteSwiftPackageReference "ScalingHeaderScrollView" */ = {
			isa = XCRemoteSwiftPackageReference;
			repositoryURL = "https://github.com/exyte/ScalingHeaderScrollView.git";
			requirement = {
				kind = upToNextMajorVersion;
				minimumVersion = 1.1.0;
			};
		};
		E9C6114C27FF863600F8A23F /* XCRemoteSwiftPackageReference "Kingfisher" */ = {
			isa = XCRemoteSwiftPackageReference;
			repositoryURL = "https://github.com/onevcat/Kingfisher.git";
			requirement = {
				kind = upToNextMinorVersion;
				minimumVersion = 7.8.1;
			};
		};
/* End XCRemoteSwiftPackageReference section */

/* Begin XCSwiftPackageProductDependency section */
		D61A65582B32EE5000112590 /* YouTubePlayerKit */ = {
			isa = XCSwiftPackageProductDependency;
			package = D61A65572B32EE5000112590 /* XCRemoteSwiftPackageReference "YouTubePlayerKit" */;
			productName = YouTubePlayerKit;
		};
		D62FD78B2B583BF8004E2F3D /* KMPNativeCoroutinesAsync */ = {
			isa = XCSwiftPackageProductDependency;
			package = D62FD78A2B583BF8004E2F3D /* XCRemoteSwiftPackageReference "KMP-NativeCoroutines" */;
			productName = KMPNativeCoroutinesAsync;
		};
		D62FD78D2B583BF8004E2F3D /* KMPNativeCoroutinesCombine */ = {
			isa = XCSwiftPackageProductDependency;
			package = D62FD78A2B583BF8004E2F3D /* XCRemoteSwiftPackageReference "KMP-NativeCoroutines" */;
			productName = KMPNativeCoroutinesCombine;
		};
		D653924729D8B6A6000EE673 /* OAuthSwift */ = {
			isa = XCSwiftPackageProductDependency;
			package = D653924629D8B6A6000EE673 /* XCRemoteSwiftPackageReference "OAuthSwift" */;
			productName = OAuthSwift;
		};
		D65569DC2B31B54A005F9F37 /* SDWebImageSwiftUI */ = {
			isa = XCSwiftPackageProductDependency;
			package = D68666B12B1E7F2E00D6D334 /* XCRemoteSwiftPackageReference "SDWebImageSwiftUI" */;
			productName = SDWebImageSwiftUI;
		};
		D6CF9E302B31FFBF00A1AD00 /* ScalingHeaderScrollView */ = {
			isa = XCSwiftPackageProductDependency;
			package = D6CF9E2F2B31FFBF00A1AD00 /* XCRemoteSwiftPackageReference "ScalingHeaderScrollView" */;
			productName = ScalingHeaderScrollView;
		};
/* End XCSwiftPackageProductDependency section */
	};
	rootObject = 7555FF73242A565900829871 /* Project object */;
}
