{
  "object": {
    "pins": [
      {
        "package": "TvManiac",
        "repositoryURL": "https://github.com/c0de-wizard/tvmaniac-swift-packages",
        "state": {
          "branch": null,
          "revision": "5e6123580a2e7f4ad3b14227e13d7a12c1800274",
          "version": "0.3.0"
        }
      }
    ]
  },
  "version": 1
}
