{
  "pins" : [
    {
      "identity" : "tvmaniac-swift-packages",
      "kind" : "remoteSourceControl",
      "location" : "https://github.com/c0de-wizard/tvmaniac-swift-packages",
      "state" : {
        "revision" : "52b12c4748707c7b4d32bbe6bf2afb0c98c6b916",
        "version" : "0.4.0"
      }
    }
  ],
  "version" : 2
}
